<Solution>
  <Folder Name="/Solution Items/">
    <File Path=".dockerignore" />
    <File Path=".editorconfig" />
    <File Path=".gitignore" />
    <File Path="Directory.Build.props" />
    <File Path="docker-compose.yml" />
    <File Path="Dockerfile" />
    <File Path="LICENSE" />
    <File Path="README.md" />
  </Folder>
  <Folder Name="/Source/">
    <Project Path="Source/ATLAS.i18n.API/ATLAS.i18n.API.csproj" />
    <Project Path="Source/ATLAS.i18n.Application/ATLAS.i18n.Application.csproj" />
    <Project Path="Source/ATLAS.i18n.Domain/ATLAS.i18n.Domain.csproj" />
    <Project Path="Source/ATLAS.i18n.Infrastructure/ATLAS.i18n.Infrastructure.csproj" />
  </Folder>

  <Folder Name="/Tests/">
    <Project Path="Tests/ATLAS.i18n.Application.Tests/ATLAS.i18n.Application.Tests.csproj" />
    <Project Path="Tests/ATLAS.i18n.Domain.Tests/ATLAS.i18n.Domain.Tests.csproj" />
  </Folder>

</Solution>
